{
  "name": "what-is-x",
  "version": "0.5.7",
  "lockfileVersion": 1,
  "requires": true,
  "dependencies": {
    "ansi-styles": {
      "version": "3.2.1",
      "resolved": "https://registry.npm.taobao.org/ansi-styles/download/ansi-styles-3.2.1.tgz",
      "requires": {
        "color-convert": "^1.9.0"
      },
      "dependencies": {
        "color-convert": {
          "version": "1.9.3",
          "resolved": "https://registry.npm.taobao.org/color-convert/download/color-convert-1.9.3.tgz",
          "requires": {
            "color-name": "1.1.3"
          },
          "dependencies": {
            "color-name": {
              "version": "1.1.3",
              "resolved": "https://registry.npm.taobao.org/color-name/download/color-name-1.1.3.tgz"
            }
          }
        }
      }
    },
    "blueimp-md5": {
      "version": "2.12.0",
      "resolved": "https://registry.npm.taobao.org/blueimp-md5/download/blueimp-md5-2.12.0.tgz"
    },
    "chalk": {
      "version": "2.4.2",
      "resolved": "https://registry.npm.taobao.org/chalk/download/chalk-2.4.2.tgz?cache=0&sync_timestamp=1573282918610&other_urls=https%3A%2F%2Fregistry.npm.taobao.org%2Fchalk%2Fdownload%2Fchalk-2.4.2.tgz",
      "requires": {
        "ansi-styles": "^3.2.1",
        "escape-string-regexp": "^1.0.5",
        "supports-color": "^5.3.0"
      },
      "dependencies": {
        "ansi-styles": {
          "version": "3.2.1",
          "resolved": "https://registry.npm.taobao.org/ansi-styles/download/ansi-styles-3.2.1.tgz",
          "requires": {
            "color-convert": "^1.9.0"
          },
          "dependencies": {
            "color-convert": {
              "version": "1.9.3",
              "resolved": "https://registry.npm.taobao.org/color-convert/download/color-convert-1.9.3.tgz",
              "requires": {
                "color-name": "1.1.3"
              },
              "dependencies": {}
            }
          }
        },
        "escape-string-regexp": {
          "version": "1.0.5",
          "resolved": "https://registry.npm.taobao.org/escape-string-regexp/download/escape-string-regexp-1.0.5.tgz"
        },
        "supports-color": {
          "version": "5.5.0",
          "resolved": "https://registry.npm.taobao.org/supports-color/download/supports-color-5.5.0.tgz?cache=0&other_urls=https%3A%2F%2Fregistry.npm.taobao.org%2Fsupports-color%2Fdownload%2Fsupports-color-5.5.0.tgz",
          "requires": {
            "has-flag": "^3.0.0"
          },
          "dependencies": {
            "has-flag": {
              "version": "3.0.0",
              "resolved": "https://registry.npm.taobao.org/has-flag/download/has-flag-3.0.0.tgz"
            }
          }
        }
      }
    },
    "commander": {
      "version": "3.0.2",
      "resolved": "https://registry.npm.taobao.org/commander/download/commander-3.0.2.tgz"
    },
    "escape-string-regexp": {
      "version": "1.0.5",
      "resolved": "https://registry.npm.taobao.org/escape-string-regexp/download/escape-string-regexp-1.0.5.tgz"
    },
    "has-flag": {
      "version": "3.0.0",
      "resolved": "https://registry.npm.taobao.org/has-flag/download/has-flag-3.0.0.tgz"
    },
    "is-chinese": {
      "version": "1.2.9",
      "resolved": "https://registry.npm.taobao.org/is-chinese/download/is-chinese-1.2.9.tgz",
      "dependencies": {
        "string.prototype.codepointat": {
          "version": "https://registry.npm.taobao.org/string.prototype.codepointat/download/string.prototype.codepointat-0.2.1.tgz"
        }
      }
    },
    "js-sha256": {
      "version": "0.9.0",
      "resolved": "https://registry.npm.taobao.org/js-sha256/download/js-sha256-0.9.0.tgz"
    },
    "log-symbols": {
      "version": "3.0.0",
      "resolved": "https://registry.npmjs.org/log-symbols/-/log-symbols-3.0.0.tgz",
      "integrity": "sha512-dSkNGuI7iG3mfvDzUuYZyvk5dD9ocYCYzNU6CYDE6+Xqd+gwme6Z00NS3dUh8mq/73HaEtT7m6W+yUPtU6BZnQ==",
      "requires": {
        "chalk": "^2.4.2"
      },
      "dependencies": {
        "chalk": {
          "version": "2.4.2",
          "resolved": "https://registry.npmjs.org/chalk/-/chalk-2.4.2.tgz",
          "integrity": "sha512-Mti+f9lpJNcwF4tWV8/OrTTtF1gZi+f8FqlyAdouralcFWFQWF2+NgCHShjkCb+IFBLq9buZwE1xckQU4peSuQ==",
          "requires": {
            "ansi-styles": "^3.2.1",
            "escape-string-regexp": "^1.0.5",
            "supports-color": "^5.3.0"
          }
        },
        "supports-color": {
          "version": "5.5.0",
          "resolved": "https://registry.npmjs.org/supports-color/-/supports-color-5.5.0.tgz",
          "integrity": "sha512-QjVjwdXIt408MIiAqCX4oUKsgU2EqAGzs2Ppkm4aQYbjm+ZEWEcW4SfFNTr4uMNZma0ey4f5lgLrkB0aX0QMow==",
          "requires": {
            "has-flag": "^3.0.0"
          }
        }
      }
    },
    "ora": {
      "version": "3.4.0",
      "resolved": "https://registry.npm.taobao.org/ora/download/ora-3.4.0.tgz",
      "requires": {
        "chalk": "^2.4.2"
      },
      "dependencies": {
        "chalk": {
          "version": "https://registry.npm.taobao.org/chalk/download/chalk-2.4.2.tgz?cache=0&sync_timestamp=1573282918610&other_urls=https%3A%2F%2Fregistry.npm.taobao.org%2Fchalk%2Fdownload%2Fchalk-2.4.2.tgz",
          "dependencies": {
            "ansi-styles": {
              "version": "3.2.1",
              "resolved": "https://registry.npm.taobao.org/ansi-styles/download/ansi-styles-3.2.1.tgz",
              "requires": {
                "color-convert": "^1.9.0"
              },
              "dependencies": {}
            },
            "escape-string-regexp": {
              "version": "1.0.5",
              "resolved": "https://registry.npm.taobao.org/escape-string-regexp/download/escape-string-regexp-1.0.5.tgz"
            },
            "supports-color": {
              "version": "5.5.0",
              "resolved": "https://registry.npm.taobao.org/supports-color/download/supports-color-5.5.0.tgz?cache=0&other_urls=https%3A%2F%2Fregistry.npm.taobao.org%2Fsupports-color%2Fdownload%2Fsupports-color-5.5.0.tgz",
              "requires": {
                "has-flag": "^3.0.0"
              },
              "dependencies": {}
            }
          }
        },
        "cli-cursor": {
          "version": "https://registry.npm.taobao.org/cli-cursor/download/cli-cursor-2.1.0.tgz"
        },
        "cli-spinners": {
          "version": "https://registry.npm.taobao.org/cli-spinners/download/cli-spinners-2.2.0.tgz"
        },
        "log-symbols": {
          "version": "https://registry.npm.taobao.org/log-symbols/download/log-symbols-2.2.0.tgz"
        },
        "strip-ansi": {
          "version": "https://registry.npm.taobao.org/strip-ansi/download/strip-ansi-5.2.0.tgz"
        },
        "wcwidth": {
          "version": "https://registry.npm.taobao.org/wcwidth/download/wcwidth-1.0.1.tgz",
          "dependencies": {
            "defaults": {
              "version": "https://registry.npm.taobao.org/defaults/download/defaults-1.0.3.tgz"
            }
          }
        }
      }
    },
    "say": {
      "version": "0.16.0",
      "resolved": "https://registry.npm.taobao.org/say/download/say-0.16.0.tgz",
      "dependencies": {
        "one-time": {
          "version": "https://registry.npm.taobao.org/one-time/download/one-time-0.0.4.tgz"
        }
      }
    },
    "sqlite3": {
      "version": "4.1.0",
      "resolved": "https://registry.npm.taobao.org/sqlite3/download/sqlite3-4.1.0.tgz",
      "dependencies": {
        "nan": {
          "version": "https://registry.npm.taobao.org/nan/download/nan-2.14.0.tgz"
        },
        "node-pre-gyp": {
          "version": "https://registry.npm.taobao.org/node-pre-gyp/download/node-pre-gyp-0.11.0.tgz"
        },
        "request": {
          "version": "https://registry.npm.taobao.org/request/download/request-2.88.0.tgz",
          "dependencies": {
            "aws-sign2": {
              "version": "https://registry.npm.taobao.org/aws-sign2/download/aws-sign2-0.7.0.tgz"
            },
            "aws4": {
              "version": "https://registry.npm.taobao.org/aws4/download/aws4-1.8.0.tgz"
            },
            "caseless": {
              "version": "https://registry.npm.taobao.org/caseless/download/caseless-0.12.0.tgz"
            },
            "combined-stream": {
              "version": "https://registry.npm.taobao.org/combined-stream/download/combined-stream-1.0.8.tgz"
            },
            "extend": {
              "version": "https://registry.npm.taobao.org/extend/download/extend-3.0.2.tgz"
            },
            "forever-agent": {
              "version": "https://registry.npm.taobao.org/forever-agent/download/forever-agent-0.6.1.tgz"
            },
            "form-data": {
              "version": "https://registry.npm.taobao.org/form-data/download/form-data-2.3.3.tgz?cache=0&sync_timestamp=1573027118125&other_urls=https%3A%2F%2Fregistry.npm.taobao.org%2Fform-data%2Fdownload%2Fform-data-2.3.3.tgz",
              "dependencies": {
                "asynckit": {
                  "version": "https://registry.npm.taobao.org/asynckit/download/asynckit-0.4.0.tgz"
                },
                "combined-stream": {
                  "version": "https://registry.npm.taobao.org/combined-stream/download/combined-stream-1.0.8.tgz",
                  "dependencies": {
                    "delayed-stream": {
                      "version": "https://registry.npm.taobao.org/delayed-stream/download/delayed-stream-1.0.0.tgz"
                    }
                  }
                },
                "mime-types": {
                  "version": "https://registry.npm.taobao.org/mime-types/download/mime-types-2.1.24.tgz"
                }
              }
            },
            "har-validator": {
              "version": "https://registry.npm.taobao.org/har-validator/download/har-validator-5.1.3.tgz",
              "dependencies": {
                "ajv": {
                  "version": "https://registry.npm.taobao.org/ajv/download/ajv-6.10.2.tgz",
                  "dependencies": {
                    "fast-deep-equal": {
                      "version": "https://registry.npm.taobao.org/fast-deep-equal/download/fast-deep-equal-2.0.1.tgz?cache=0&other_urls=https%3A%2F%2Fregistry.npm.taobao.org%2Ffast-deep-equal%2Fdownload%2Ffast-deep-equal-2.0.1.tgz"
                    },
                    "fast-json-stable-stringify": {
                      "version": "https://registry.npm.taobao.org/fast-json-stable-stringify/download/fast-json-stable-stringify-2.0.0.tgz"
                    },
                    "json-schema-traverse": {
                      "version": "https://registry.npm.taobao.org/json-schema-traverse/download/json-schema-traverse-0.4.1.tgz"
                    },
                    "uri-js": {
                      "version": "https://registry.npm.taobao.org/uri-js/download/uri-js-4.2.2.tgz"
                    }
                  }
                },
                "har-schema": {
                  "version": "https://registry.npm.taobao.org/har-schema/download/har-schema-2.0.0.tgz"
                }
              }
            },
            "http-signature": {
              "version": "https://registry.npm.taobao.org/http-signature/download/http-signature-1.2.0.tgz?cache=0&sync_timestamp=1572997318670&other_urls=https%3A%2F%2Fregistry.npm.taobao.org%2Fhttp-signature%2Fdownload%2Fhttp-signature-1.2.0.tgz"
            },
            "is-typedarray": {
              "version": "https://registry.npm.taobao.org/is-typedarray/download/is-typedarray-1.0.0.tgz"
            },
            "isstream": {
              "version": "https://registry.npm.taobao.org/isstream/download/isstream-0.1.2.tgz"
            },
            "json-stringify-safe": {
              "version": "https://registry.npm.taobao.org/json-stringify-safe/download/json-stringify-safe-5.0.1.tgz"
            },
            "mime-types": {
              "version": "https://registry.npm.taobao.org/mime-types/download/mime-types-2.1.24.tgz",
              "dependencies": {
                "mime-db": {
                  "version": "https://registry.npm.taobao.org/mime-db/download/mime-db-1.40.0.tgz?cache=0&sync_timestamp=1569468742433&other_urls=https%3A%2F%2Fregistry.npm.taobao.org%2Fmime-db%2Fdownload%2Fmime-db-1.40.0.tgz"
                }
              }
            },
            "oauth-sign": {
              "version": "https://registry.npm.taobao.org/oauth-sign/download/oauth-sign-0.9.0.tgz"
            },
            "performance-now": {
              "version": "https://registry.npm.taobao.org/performance-now/download/performance-now-2.1.0.tgz"
            },
            "qs": {
              "version": "https://registry.npm.taobao.org/qs/download/qs-6.5.2.tgz"
            },
            "safe-buffer": {
              "version": "https://registry.npm.taobao.org/safe-buffer/download/safe-buffer-5.2.0.tgz"
            },
            "tough-cookie": {
              "version": "https://registry.npm.taobao.org/tough-cookie/download/tough-cookie-2.4.3.tgz"
            },
            "tunnel-agent": {
              "version": "https://registry.npm.taobao.org/tunnel-agent/download/tunnel-agent-0.6.0.tgz"
            },
            "uuid": {
              "version": "https://registry.npm.taobao.org/uuid/download/uuid-3.3.3.tgz"
            }
          }
        }
      }
    },
    "tty-table": {
      "version": "2.8.2",
      "resolved": "https://registry.npm.taobao.org/tty-table/download/tty-table-2.8.2.tgz",
      "requires": {
        "chalk": "^2.4.2"
      },
      "dependencies": {
        "chalk": {
          "version": "https://registry.npm.taobao.org/chalk/download/chalk-2.4.2.tgz?cache=0&sync_timestamp=1573282918610&other_urls=https%3A%2F%2Fregistry.npm.taobao.org%2Fchalk%2Fdownload%2Fchalk-2.4.2.tgz",
          "dependencies": {
            "ansi-styles": {
              "version": "3.2.1",
              "resolved": "https://registry.npm.taobao.org/ansi-styles/download/ansi-styles-3.2.1.tgz",
              "requires": {
                "color-convert": "^1.9.0"
              },
              "dependencies": {}
            },
            "escape-string-regexp": {
              "version": "1.0.5",
              "resolved": "https://registry.npm.taobao.org/escape-string-regexp/download/escape-string-regexp-1.0.5.tgz"
            },
            "supports-color": {
              "version": "5.5.0",
              "resolved": "https://registry.npm.taobao.org/supports-color/download/supports-color-5.5.0.tgz?cache=0&other_urls=https%3A%2F%2Fregistry.npm.taobao.org%2Fsupports-color%2Fdownload%2Fsupports-color-5.5.0.tgz",
              "requires": {
                "has-flag": "^3.0.0"
              },
              "dependencies": {}
            }
          }
        },
        "csv": {
          "version": "https://registry.npm.taobao.org/csv/download/csv-5.1.3.tgz"
        },
        "smartwrap": {
          "version": "https://registry.npm.taobao.org/smartwrap/download/smartwrap-1.2.0.tgz",
          "dependencies": {
            "breakword": {
              "version": "https://registry.npm.taobao.org/breakword/download/breakword-1.0.5.tgz"
            },
            "wcwidth": {
              "version": "https://registry.npm.taobao.org/wcwidth/download/wcwidth-1.0.1.tgz",
              "dependencies": {
                "defaults": {
                  "version": "https://registry.npm.taobao.org/defaults/download/defaults-1.0.3.tgz"
                }
              }
            },
            "yargs": {
              "version": "https://registry.npm.taobao.org/yargs/download/yargs-14.2.0.tgz?cache=0&sync_timestamp=1573351949877&other_urls=https%3A%2F%2Fregistry.npm.taobao.org%2Fyargs%2Fdownload%2Fyargs-14.2.0.tgz"
            }
          }
        },
        "strip-ansi": {
          "version": "https://registry.npm.taobao.org/strip-ansi/download/strip-ansi-5.2.0.tgz",
          "dependencies": {
            "ansi-regex": {
              "version": "https://registry.npm.taobao.org/ansi-regex/download/ansi-regex-4.1.0.tgz"
            }
          }
        },
        "wcwidth": {
          "version": "https://registry.npm.taobao.org/wcwidth/download/wcwidth-1.0.1.tgz",
          "dependencies": {
            "defaults": {
              "version": "https://registry.npm.taobao.org/defaults/download/defaults-1.0.3.tgz"
            }
          }
        },
        "yargs": {
          "version": "https://registry.npm.taobao.org/yargs/download/yargs-13.3.0.tgz?cache=0&sync_timestamp=1573351949877&other_urls=https%3A%2F%2Fregistry.npm.taobao.org%2Fyargs%2Fdownload%2Fyargs-13.3.0.tgz"
        }
      }
    },
    "xml2js": {
      "version": "0.4.22",
      "resolved": "https://registry.npm.taobao.org/xml2js/download/xml2js-0.4.22.tgz",
      "dependencies": {
        "sax": {
          "version": "https://registry.npm.taobao.org/sax/download/sax-1.2.4.tgz"
        },
        "util.promisify": {
          "version": "https://registry.npm.taobao.org/util.promisify/download/util.promisify-1.0.0.tgz",
          "dependencies": {
            "define-properties": {
              "version": "https://registry.npm.taobao.org/define-properties/download/define-properties-1.1.3.tgz",
              "dependencies": {
                "object-keys": {
                  "version": "https://registry.npm.taobao.org/object-keys/download/object-keys-1.1.1.tgz"
                }
              }
            },
            "object.getownpropertydescriptors": {
              "version": "https://registry.npm.taobao.org/object.getownpropertydescriptors/download/object.getownpropertydescriptors-2.0.3.tgz",
              "dependencies": {
                "define-properties": {
                  "version": "https://registry.npm.taobao.org/define-properties/download/define-properties-1.1.3.tgz",
                  "dependencies": {
                    "object-keys": {
                      "version": "https://registry.npm.taobao.org/object-keys/download/object-keys-1.1.1.tgz"
                    }
                  }
                },
                "es-abstract": {
                  "version": "https://registry.npm.taobao.org/es-abstract/download/es-abstract-1.16.0.tgz?cache=0&sync_timestamp=1571460404163&other_urls=https%3A%2F%2Fregistry.npm.taobao.org%2Fes-abstract%2Fdownload%2Fes-abstract-1.16.0.tgz",
                  "dependencies": {
                    "es-to-primitive": {
                      "version": "https://registry.npm.taobao.org/es-to-primitive/download/es-to-primitive-1.2.1.tgz"
                    },
                    "function-bind": {
                      "version": "https://registry.npm.taobao.org/function-bind/download/function-bind-1.1.1.tgz"
                    },
                    "has": {
                      "version": "https://registry.npm.taobao.org/has/download/has-1.0.3.tgz"
                    },
                    "has-symbols": {
                      "version": "https://registry.npm.taobao.org/has-symbols/download/has-symbols-1.0.0.tgz"
                    },
                    "is-callable": {
                      "version": "https://registry.npm.taobao.org/is-callable/download/is-callable-1.1.4.tgz"
                    },
                    "is-regex": {
                      "version": "https://registry.npm.taobao.org/is-regex/download/is-regex-1.0.4.tgz",
                      "dependencies": {
                        "has": {
                          "version": "https://registry.npm.taobao.org/has/download/has-1.0.3.tgz",
                          "dependencies": {
                            "function-bind": {
                              "version": "https://registry.npm.taobao.org/function-bind/download/function-bind-1.1.1.tgz"
                            }
                          }
                        }
                      }
                    },
                    "object-inspect": {
                      "version": "https://registry.npm.taobao.org/object-inspect/download/object-inspect-1.7.0.tgz"
                    },
                    "object-keys": {
                      "version": "https://registry.npm.taobao.org/object-keys/download/object-keys-1.1.1.tgz"
                    },
                    "string.prototype.trimleft": {
                      "version": "https://registry.npm.taobao.org/string.prototype.trimleft/download/string.prototype.trimleft-2.1.0.tgz"
                    },
                    "string.prototype.trimright": {
                      "version": "https://registry.npm.taobao.org/string.prototype.trimright/download/string.prototype.trimright-2.1.0.tgz"
                    }
                  }
                }
              }
            }
          }
        },
        "xmlbuilder": {
          "version": "https://registry.npm.taobao.org/xmlbuilder/download/xmlbuilder-11.0.1.tgz"
        }
      }
    }
  }
}
